
Microsoft Visual Studio Solution File, Format Version 12.00
# Visual Studio 2013
VisualStudioVersion = 12.0.30110.0
MinimumVisualStudioVersion = 10.0.40219.1
Project("{FAE04EC0-301F-11D3-BF4B-00C04F79EFBC}") = "WebApiContrib.Tracing.Slab", "src\WebApiContrib.Tracing.Slab\WebApiContrib.Tracing.Slab.csproj", "{999D630A-018F-4613-BFA4-F162B4B00FF7}"
EndProject
Project("{2150E333-8FDC-42A3-9474-1A3956D46DE8}") = ".nuget", ".nuget", "{47000D98-EE11-482F-A212-2E180636AE2D}"
EndProject
Project("{2150E333-8FDC-42A3-9474-1A3956D46DE8}") = "Samples", "Samples", "{26F45E68-56B4-4CB8-866B-E26EE8DEC40F}"
EndProject
Project("{FAE04EC0-301F-11D3-BF4B-00C04F79EFBC}") = "WebApiContrib.Tracing.Slab.DemoApp", "samples\WebApiContrib.Tracing.Slab.DemoApp\WebApiContrib.Tracing.Slab.DemoApp.csproj", "{E1AB651A-B736-4E1B-B8CB-4E4F7C52A8C2}"
EndProject
Project("{2150E333-8FDC-42A3-9474-1A3956D46DE8}") = "OutOfProccessConfiguration", "OutOfProccessConfiguration", "{B4B83FA6-7D48-47D2-AD8D-44D749C2B8C4}"
	ProjectSection(SolutionItems) = preProject
		samples\Out-Of-Process_Configuration\SemanticLogging-svc.xml = samples\Out-Of-Process_Configuration\SemanticLogging-svc.xml
	EndProjectSection
EndProject
Project("{FAE04EC0-301F-11D3-BF4B-00C04F79EFBC}") = "WebApiContrib.Tracing.Slab.Tests", "test\WebApiContrib.Tracing.Slab.Tests\WebApiContrib.Tracing.Slab.Tests.csproj", "{B72DBB2D-8107-4004-84E6-D479F94A77F6}"
EndProject
Global
	GlobalSection(SolutionConfigurationPlatforms) = preSolution
		Debug|Any CPU = Debug|Any CPU
		Release|Any CPU = Release|Any CPU
	EndGlobalSection
	GlobalSection(ProjectConfigurationPlatforms) = postSolution
		{999D630A-018F-4613-BFA4-F162B4B00FF7}.Debug|Any CPU.ActiveCfg = Debug|Any CPU
		{999D630A-018F-4613-BFA4-F162B4B00FF7}.Debug|Any CPU.Build.0 = Debug|Any CPU
		{999D630A-018F-4613-BFA4-F162B4B00FF7}.Release|Any CPU.ActiveCfg = Release|Any CPU
		{999D630A-018F-4613-BFA4-F162B4B00FF7}.Release|Any CPU.Build.0 = Release|Any CPU
		{E1AB651A-B736-4E1B-B8CB-4E4F7C52A8C2}.Debug|Any CPU.ActiveCfg = Debug|Any CPU
		{E1AB651A-B736-4E1B-B8CB-4E4F7C52A8C2}.Debug|Any CPU.Build.0 = Debug|Any CPU
		{E1AB651A-B736-4E1B-B8CB-4E4F7C52A8C2}.Release|Any CPU.ActiveCfg = Release|Any CPU
		{E1AB651A-B736-4E1B-B8CB-4E4F7C52A8C2}.Release|Any CPU.Build.0 = Release|Any CPU
		{B72DBB2D-8107-4004-84E6-D479F94A77F6}.Debug|Any CPU.ActiveCfg = Debug|Any CPU
		{B72DBB2D-8107-4004-84E6-D479F94A77F6}.Debug|Any CPU.Build.0 = Debug|Any CPU
		{B72DBB2D-8107-4004-84E6-D479F94A77F6}.Release|Any CPU.ActiveCfg = Release|Any CPU
		{B72DBB2D-8107-4004-84E6-D479F94A77F6}.Release|Any CPU.Build.0 = Release|Any CPU
	EndGlobalSection
	GlobalSection(SolutionProperties) = preSolution
		HideSolutionNode = FALSE
	EndGlobalSection
	GlobalSection(NestedProjects) = preSolution
		{E1AB651A-B736-4E1B-B8CB-4E4F7C52A8C2} = {26F45E68-56B4-4CB8-866B-E26EE8DEC40F}
		{B4B83FA6-7D48-47D2-AD8D-44D749C2B8C4} = {26F45E68-56B4-4CB8-866B-E26EE8DEC40F}
	EndGlobalSection
EndGlobal
